// !$*UTF8*$!
{
	archiveVersion = 1;
	classes = {
	};
	objectVersion = 50;
	objects = {

/* Begin PBXBuildFile section */
		8C44A5A529374783001F9CE2 /* AppDelegate.swift in Sources */ = {isa = PBXBuildFile; fileRef = 8C44A5A429374783001F9CE2 /* AppDelegate.swift */; };
		8C44A5A729374783001F9CE2 /* SceneDelegate.swift in Sources */ = {isa = PBXBuildFile; fileRef = 8C44A5A629374783001F9CE2 /* SceneDelegate.swift */; };
		8C44A5A929374783001F9CE2 /* ViewController.swift in Sources */ = {isa = PBXBuildFile; fileRef = 8C44A5A829374783001F9CE2 /* ViewController.swift */; };
		8C44A5AC29374783001F9CE2 /* Main.storyboard in Resources */ = {isa = PBXBuildFile; fileRef = 8C44A5AA29374783001F9CE2 /* Main.storyboard */; };
		8C44A5AE29374784001F9CE2 /* Assets.xcassets in Resources */ = {isa = PBXBuildFile; fileRef = 8C44A5AD29374784001F9CE2 /* Assets.xcassets */; };
		8C44A5B129374784001F9CE2 /* LaunchScreen.storyboard in Resources */ = {isa = PBXBuildFile; fileRef = 8C44A5AF29374784001F9CE2 /* LaunchScreen.storyboard */; };
		8C44A5BC29374784001F9CE2 /* Sayi_Tahmin_EtTests.swift in Sources */ = {isa = PBXBuildFile; fileRef = 8C44A5BB29374784001F9CE2 /* Sayi_Tahmin_EtTests.swift */; };
		8C44A5C729374784001F9CE2 /* Sayi_Tahmin_EtUITests.swift in Sources */ = {isa = PBXBuildFile; fileRef = 8C44A5C629374784001F9CE2 /* Sayi_Tahmin_EtUITests.swift */; };
		8C44A5E8293755DE001F9CE2 /* SonucEkrani.swift in Sources */ = {isa = PBXBuildFile; fileRef = 8C44A5E7293755DE001F9CE2 /* SonucEkrani.swift */; };
		8C44A5F029375659001F9CE2 /* TahminEkrani.swift in Sources */ = {isa = PBXBuildFile; fileRef = 8C44A5EF29375659001F9CE2 /* TahminEkrani.swift */; };
/* End PBXBuildFile section */

/* Begin PBXContainerItemProxy section */
		8C44A5B829374784001F9CE2 /* PBXContainerItemProxy */ = {
			isa = PBXContainerItemProxy;
			containerPortal = 8C44A59929374783001F9CE2 /* Project object */;
			proxyType = 1;
			remoteGlobalIDString = 8C44A5A029374783001F9CE2;
			remoteInfo = "Sayi Tahmin Et";
		};
		8C44A5C329374784001F9CE2 /* PBXContainerItemProxy */ = {
			isa = PBXContainerItemProxy;
			containerPortal = 8C44A59929374783001F9CE2 /* Project object */;
			proxyType = 1;
			remoteGlobalIDString = 8C44A5A029374783001F9CE2;
			remoteInfo = "Sayi Tahmin Et";
		};
/* End PBXContainerItemProxy section */

/* Begin PBXFileReference section */
		8C44A5A129374783001F9CE2 /* Sayi Tahmin Et.app */ = {isa = PBXFileReference; explicitFileType = wrapper.application; includeInIndex = 0; path = "Sayi Tahmin Et.app"; sourceTree = BUILT_PRODUCTS_DIR; };
		8C44A5A429374783001F9CE2 /* AppDelegate.swift */ = {isa = PBXFileReference; lastKnownFileType = sourcecode.swift; path = AppDelegate.swift; sourceTree = "<group>"; };
		8C44A5A629374783001F9CE2 /* SceneDelegate.swift */ = {isa = PBXFileReference; lastKnownFileType = sourcecode.swift; path = SceneDelegate.swift; sourceTree = "<group>"; };
		8C44A5A829374783001F9CE2 /* ViewController.swift */ = {isa = PBXFileReference; lastKnownFileType = sourcecode.swift; path = ViewController.swift; sourceTree = "<group>"; };
		8C44A5AB29374783001F9CE2 /* Base */ = {isa = PBXFileReference; lastKnownFileType = file.storyboard; name = Base; path = Base.lproj/Main.storyboard; sourceTree = "<group>"; };
		8C44A5AD29374784001F9CE2 /* Assets.xcassets */ = {isa = PBXFileReference; lastKnownFileType = folder.assetcatalog; path = Assets.xcassets; sourceTree = "<group>"; };
		8C44A5B029374784001F9CE2 /* Base */ = {isa = PBXFileReference; lastKnownFileType = file.storyboard; name = Base; path = Base.lproj/LaunchScreen.storyboard; sourceTree = "<group>"; };
		8C44A5B229374784001F9CE2 /* Info.plist */ = {isa = PBXFileReference; lastKnownFileType = text.plist.xml; path = Info.plist; sourceTree = "<group>"; };
		8C44A5B729374784001F9CE2 /* Sayi Tahmin EtTests.xctest */ = {isa = PBXFileReference; explicitFileType = wrapper.cfbundle; includeInIndex = 0; path = "Sayi Tahmin EtTests.xctest"; sourceTree = BUILT_PRODUCTS_DIR; };
		8C44A5BB29374784001F9CE2 /* Sayi_Tahmin_EtTests.swift */ = {isa = PBXFileReference; lastKnownFileType = sourcecode.swift; path = Sayi_Tahmin_EtTests.swift; sourceTree = "<group>"; };
		8C44A5BD29374784001F9CE2 /* Info.plist */ = {isa = PBXFileReference; lastKnownFileType = text.plist.xml; path = Info.plist; sourceTree = "<group>"; };
		8C44A5C229374784001F9CE2 /* Sayi Tahmin EtUITests.xctest */ = {isa = PBXFileReference; explicitFileType = wrapper.cfbundle; includeInIndex = 0; path = "Sayi Tahmin EtUITests.xctest"; sourceTree = BUILT_PRODUCTS_DIR; };
		8C44A5C629374784001F9CE2 /* Sayi_Tahmin_EtUITests.swift */ = {isa = PBXFileReference; lastKnownFileType = sourcecode.swift; path = Sayi_Tahmin_EtUITests.swift; sourceTree = "<group>"; };
		8C44A5C829374784001F9CE2 /* Info.plist */ = {isa = PBXFileReference; lastKnownFileType = text.plist.xml; path = Info.plist; sourceTree = "<group>"; };
		8C44A5E7293755DE001F9CE2 /* SonucEkrani.swift */ = {isa = PBXFileReference; lastKnownFileType = sourcecode.swift; path = SonucEkrani.swift; sourceTree = "<group>"; };
		8C44A5EF29375659001F9CE2 /* TahminEkrani.swift */ = {isa = PBXFileReference; lastKnownFileType = sourcecode.swift; path = TahminEkrani.swift; sourceTree = "<group>"; };
/* End PBXFileReference section */

/* Begin PBXFrameworksBuildPhase section */
		8C44A59E29374783001F9CE2 /* Frameworks */ = {
			isa = PBXFrameworksBuildPhase;
			buildActionMask = 2147483647;
			files = (
			);
			runOnlyForDeploymentPostprocessing = 0;
		};
		8C44A5B429374784001F9CE2 /* Frameworks */ = {
			isa = PBXFrameworksBuildPhase;
			buildActionMask = 2147483647;
			files = (
			);
			runOnlyForDeploymentPostprocessing = 0;
		};
		8C44A5BF29374784001F9CE2 /* Frameworks */ = {
			isa = PBXFrameworksBuildPhase;
			buildActionMask = 2147483647;
			files = (
			);
			runOnlyForDeploymentPostprocessing = 0;
		};
/* End PBXFrameworksBuildPhase section */

/* Begin PBXGroup section */
		8C44A59829374783001F9CE2 = {
			isa = PBXGroup;
			children = (
				8C44A5A329374783001F9CE2 /* Sayi Tahmin Et */,
				8C44A5BA29374784001F9CE2 /* Sayi Tahmin EtTests */,
				8C44A5C529374784001F9CE2 /* Sayi Tahmin EtUITests */,
				8C44A5A229374783001F9CE2 /* Products */,
			);
			sourceTree = "<group>";
		};
		8C44A5A229374783001F9CE2 /* Products */ = {
			isa = PBXGroup;
			children = (
				8C44A5A129374783001F9CE2 /* Sayi Tahmin Et.app */,
				8C44A5B729374784001F9CE2 /* Sayi Tahmin EtTests.xctest */,
				8C44A5C229374784001F9CE2 /* Sayi Tahmin EtUITests.xctest */,
			);
			name = Products;
			sourceTree = "<group>";
		};
		8C44A5A329374783001F9CE2 /* Sayi Tahmin Et */ = {
			isa = PBXGroup;
			children = (
				8C44A5A429374783001F9CE2 /* AppDelegate.swift */,
				8C44A5A629374783001F9CE2 /* SceneDelegate.swift */,
				8C44A5A829374783001F9CE2 /* ViewController.swift */,
				8C44A5AA29374783001F9CE2 /* Main.storyboard */,
				8C44A5AD29374784001F9CE2 /* Assets.xcassets */,
				8C44A5AF29374784001F9CE2 /* LaunchScreen.storyboard */,
				8C44A5B229374784001F9CE2 /* Info.plist */,
				8C44A5E7293755DE001F9CE2 /* SonucEkrani.swift */,
				8C44A5EF29375659001F9CE2 /* TahminEkrani.swift */,
			);
			path = "Sayi Tahmin Et";
			sourceTree = "<group>";
		};
		8C44A5BA29374784001F9CE2 /* Sayi Tahmin EtTests */ = {
			isa = PBXGroup;
			children = (
				8C44A5BB29374784001F9CE2 /* Sayi_Tahmin_EtTests.swift */,
				8C44A5BD29374784001F9CE2 /* Info.plist */,
			);
			path = "Sayi Tahmin EtTests";
			sourceTree = "<group>";
		};
		8C44A5C529374784001F9CE2 /* Sayi Tahmin EtUITests */ = {
			isa = PBXGroup;
			children = (
				8C44A5C629374784001F9CE2 /* Sayi_Tahmin_EtUITests.swift */,
				8C44A5C829374784001F9CE2 /* Info.plist */,
			);
			path = "Sayi Tahmin EtUITests";
			sourceTree = "<group>";
		};
/* End PBXGroup section */

/* Begin PBXNativeTarget section */
		8C44A5A029374783001F9CE2 /* Sayi Tahmin Et */ = {
			isa = PBXNativeTarget;
			buildConfigurationList = 8C44A5CB29374784001F9CE2 /* Build configuration list for PBXNativeTarget "Sayi Tahmin Et" */;
			buildPhases = (
				8C44A59D29374783001F9CE2 /* Sources */,
				8C44A59E29374783001F9CE2 /* Frameworks */,
				8C44A59F29374783001F9CE2 /* Resources */,
			);
			buildRules = (
			);
			dependencies = (
			);
			name = "Sayi Tahmin Et";
			productName = "Sayi Tahmin Et";
			productReference = 8C44A5A129374783001F9CE2 /* Sayi Tahmin Et.app */;
			productType = "com.apple.product-type.application";
		};
		8C44A5B629374784001F9CE2 /* Sayi Tahmin EtTests */ = {
			isa = PBXNativeTarget;
			buildConfigurationList = 8C44A5CE29374784001F9CE2 /* Build configuration list for PBXNativeTarget "Sayi Tahmin EtTests" */;
			buildPhases = (
				8C44A5B329374784001F9CE2 /* Sources */,
				8C44A5B429374784001F9CE2 /* Frameworks */,
				8C44A5B529374784001F9CE2 /* Resources */,
			);
			buildRules = (
			);
			dependencies = (
				8C44A5B929374784001F9CE2 /* PBXTargetDependency */,
			);
			name = "Sayi Tahmin EtTests";
			productName = "Sayi Tahmin EtTests";
			productReference = 8C44A5B729374784001F9CE2 /* Sayi Tahmin EtTests.xctest */;
			productType = "com.apple.product-type.bundle.unit-test";
		};
		8C44A5C129374784001F9CE2 /* Sayi Tahmin EtUITests */ = {
			isa = PBXNativeTarget;
			buildConfigurationList = 8C44A5D129374784001F9CE2 /* Build configuration list for PBXNativeTarget "Sayi Tahmin EtUITests" */;
			buildPhases = (
				8C44A5BE29374784001F9CE2 /* Sources */,
				8C44A5BF29374784001F9CE2 /* Frameworks */,
				8C44A5C029374784001F9CE2 /* Resources */,
			);
			buildRules = (
			);
			dependencies = (
				8C44A5C429374784001F9CE2 /* PBXTargetDependency */,
			);
			name = "Sayi Tahmin EtUITests";
			productName = "Sayi Tahmin EtUITests";
			productReference = 8C44A5C229374784001F9CE2 /* Sayi Tahmin EtUITests.xctest */;
			productType = "com.apple.product-type.bundle.ui-testing";
		};
/* End PBXNativeTarget section */

/* Begin PBXProject section */
		8C44A59929374783001F9CE2 /* Project object */ = {
			isa = PBXProject;
			attributes = {
				LastSwiftUpdateCheck = 1230;
				LastUpgradeCheck = 1230;
				TargetAttributes = {
					8C44A5A029374783001F9CE2 = {
						CreatedOnToolsVersion = 12.3;
					};
					8C44A5B629374784001F9CE2 = {
						CreatedOnToolsVersion = 12.3;
						TestTargetID = 8C44A5A029374783001F9CE2;
					};
					8C44A5C129374784001F9CE2 = {
						CreatedOnToolsVersion = 12.3;
						TestTargetID = 8C44A5A029374783001F9CE2;
					};
				};
			};
			buildConfigurationList = 8C44A59C29374783001F9CE2 /* Build configuration list for PBXProject "Sayi Tahmin Et" */;
			compatibilityVersion = "Xcode 9.3";
			developmentRegion = en;
			hasScannedForEncodings = 0;
			knownRegions = (
				en,
				Base,
			);
			mainGroup = 8C44A59829374783001F9CE2;
			productRefGroup = 8C44A5A229374783001F9CE2 /* Products */;
			projectDirPath = "";
			projectRoot = "";
			targets = (
				8C44A5A029374783001F9CE2 /* Sayi Tahmin Et */,
				8C44A5B629374784001F9CE2 /* Sayi Tahmin EtTests */,
				8C44A5C129374784001F9CE2 /* Sayi Tahmin EtUITests */,
			);
		};
/* End PBXProject section */

/* Begin PBXResourcesBuildPhase section */
		8C44A59F29374783001F9CE2 /* Resources */ = {
			isa = PBXResourcesBuildPhase;
			buildActionMask = 2147483647;
			files = (
				8C44A5B129374784001F9CE2 /* LaunchScreen.storyboard in Resources */,
				8C44A5AE29374784001F9CE2 /* Assets.xcassets in Resources */,
				8C44A5AC29374783001F9CE2 /* Main.storyboard in Resources */,
			);
			runOnlyForDeploymentPostprocessing = 0;
		};
		8C44A5B529374784001F9CE2 /* Resources */ = {
			isa = PBXResourcesBuildPhase;
			buildActionMask = 2147483647;
			files = (
			);
			runOnlyForDeploymentPostprocessing = 0;
		};
		8C44A5C029374784001F9CE2 /* Resources */ = {
			isa = PBXResourcesBuildPhase;
			buildActionMask = 2147483647;
			files = (
			);
			runOnlyForDeploymentPostprocessing = 0;
		};
/* End PBXResourcesBuildPhase section */

/* Begin PBXSourcesBuildPhase section */
		8C44A59D29374783001F9CE2 /* Sources */ = {
			isa = PBXSourcesBuildPhase;
			buildActionMask = 2147483647;
			files = (
				8C44A5A929374783001F9CE2 /* ViewController.swift in Sources */,
				8C44A5A529374783001F9CE2 /* AppDelegate.swift in Sources */,
				8C44A5A729374783001F9CE2 /* SceneDelegate.swift in Sources */,
				8C44A5E8293755DE001F9CE2 /* SonucEkrani.swift in Sources */,
				8C44A5F029375659001F9CE2 /* TahminEkrani.swift in Sources */,
			);
			runOnlyForDeploymentPostprocessing = 0;
		};
		8C44A5B329374784001F9CE2 /* Sources */ = {
			isa = PBXSourcesBuildPhase;
			buildActionMask = 2147483647;
			files = (
				8C44A5BC29374784001F9CE2 /* Sayi_Tahmin_EtTests.swift in Sources */,
			);
			runOnlyForDeploymentPostprocessing = 0;
		};
		8C44A5BE29374784001F9CE2 /* Sources */ = {
			isa = PBXSourcesBuildPhase;
			buildActionMask = 2147483647;
			files = (
				8C44A5C729374784001F9CE2 /* Sayi_Tahmin_EtUITests.swift in Sources */,
			);
			runOnlyForDeploymentPostprocessing = 0;
		};
/* End PBXSourcesBuildPhase section */

/* Begin PBXTargetDependency section */
		8C44A5B929374784001F9CE2 /* PBXTargetDependency */ = {
			isa = PBXTargetDependency;
			target = 8C44A5A029374783001F9CE2 /* Sayi Tahmin Et */;
			targetProxy = 8C44A5B829374784001F9CE2 /* PBXContainerItemProxy */;
		};
		8C44A5C429374784001F9CE2 /* PBXTargetDependency */ = {
			isa = PBXTargetDependency;
			target = 8C44A5A029374783001F9CE2 /* Sayi Tahmin Et */;
			targetProxy = 8C44A5C329374784001F9CE2 /* PBXContainerItemProxy */;
		};
/* End PBXTargetDependency section */

/* Begin PBXVariantGroup section */
		8C44A5AA29374783001F9CE2 /* Main.storyboard */ = {
			isa = PBXVariantGroup;
			children = (
				8C44A5AB29374783001F9CE2 /* Base */,
			);
			name = Main.storyboard;
			sourceTree = "<group>";
		};
		8C44A5AF29374784001F9CE2 /* LaunchScreen.storyboard */ = {
			isa = PBXVariantGroup;
			children = (
				8C44A5B029374784001F9CE2 /* Base */,
			);
			name = LaunchScreen.storyboard;
			sourceTree = "<group>";
		};
/* End PBXVariantGroup section */

/* Begin XCBuildConfiguration section */
		8C44A5C929374784001F9CE2 /* Debug */ = {
			isa = XCBuildConfiguration;
			buildSettings = {
				ALWAYS_SEARCH_USER_PATHS = NO;
				CLANG_ANALYZER_NONNULL = YES;
				CLANG_ANALYZER_NUMBER_OBJECT_CONVERSION = YES_AGGRESSIVE;
				CLANG_CXX_LANGUAGE_STANDARD = "gnu++14";
				CLANG_CXX_LIBRARY = "libc++";
				CLANG_ENABLE_MODULES = YES;
				CLANG_ENABLE_OBJC_ARC = YES;
				CLANG_ENABLE_OBJC_WEAK = YES;
				CLANG_WARN_BLOCK_CAPTURE_AUTORELEASING = YES;
				CLANG_WARN_BOOL_CONVERSION = YES;
				CLANG_WARN_COMMA = YES;
				CLANG_WARN_CONSTANT_CONVERSION = YES;
				CLANG_WARN_DEPRECATED_OBJC_IMPLEMENTATIONS = YES;
				CLANG_WARN_DIRECT_OBJC_ISA_USAGE = YES_ERROR;
				CLANG_WARN_DOCUMENTATION_COMMENTS = YES;
				CLANG_WARN_EMPTY_BODY = YES;
				CLANG_WARN_ENUM_CONVERSION = YES;
				CLANG_WARN_INFINITE_RECURSION = YES;
				CLANG_WARN_INT_CONVERSION = YES;
				CLANG_WARN_NON_LITERAL_NULL_CONVERSION = YES;
				CLANG_WARN_OBJC_IMPLICIT_RETAIN_SELF = YES;
				CLANG_WARN_OBJC_LITERAL_CONVERSION = YES;
				CLANG_WARN_OBJC_ROOT_CLASS = YES_ERROR;
				CLANG_WARN_QUOTED_INCLUDE_IN_FRAMEWORK_HEADER = YES;
				CLANG_WARN_RANGE_LOOP_ANALYSIS = YES;
				CLANG_WARN_STRICT_PROTOTYPES = YES;
				CLANG_WARN_SUSPICIOUS_MOVE = YES;
				CLANG_WARN_UNGUARDED_AVAILABILITY = YES_AGGRESSIVE;
				CLANG_WARN_UNREACHABLE_CODE = YES;
				CLANG_WARN__DUPLICATE_METHOD_MATCH = YES;
				COPY_PHASE_STRIP = NO;
				DEBUG_INFORMATION_FORMAT = dwarf;
				ENABLE_STRICT_OBJC_MSGSEND = YES;
				ENABLE_TESTABILITY = YES;
				GCC_C_LANGUAGE_STANDARD = gnu11;
				GCC_DYNAMIC_NO_PIC = NO;
				GCC_NO_COMMON_BLOCKS = YES;
				GCC_OPTIMIZATION_LEVEL = 0;
				GCC_PREPROCESSOR_DEFINITIONS = (
					"DEBUG=1",
					"$(inherited)",
				);
				GCC_WARN_64_TO_32_BIT_CONVERSION = YES;
				GCC_WARN_ABOUT_RETURN_TYPE = YES_ERROR;
				GCC_WARN_UNDECLARED_SELECTOR = YES;
				GCC_WARN_UNINITIALIZED_AUTOS = YES_AGGRESSIVE;
				GCC_WARN_UNUSED_FUNCTION = YES;
				GCC_WARN_UNUSED_VARIABLE = YES;
				IPHONEOS_DEPLOYMENT_TARGET = 14.3;
				MTL_ENABLE_DEBUG_INFO = INCLUDE_SOURCE;
				MTL_FAST_MATH = YES;
				ONLY_ACTIVE_ARCH = YES;
				SDKROOT = iphoneos;
				SWIFT_ACTIVE_COMPILATION_CONDITIONS = DEBUG;
				SWIFT_OPTIMIZATION_LEVEL = "-Onone";
			};
			name = Debug;
		};
		8C44A5CA29374784001F9CE2 /* Release */ = {
			isa = XCBuildConfiguration;
			buildSettings = {
				ALWAYS_SEARCH_USER_PATHS = NO;
				CLANG_ANALYZER_NONNULL = YES;
				CLANG_ANALYZER_NUMBER_OBJECT_CONVERSION = YES_AGGRESSIVE;
				CLANG_CXX_LANGUAGE_STANDARD = "gnu++14";
				CLANG_CXX_LIBRARY = "libc++";
				CLANG_ENABLE_MODULES = YES;
				CLANG_ENABLE_OBJC_ARC = YES;
				CLANG_ENABLE_OBJC_WEAK = YES;
				CLANG_WARN_BLOCK_CAPTURE_AUTORELEASING = YES;
				CLANG_WARN_BOOL_CONVERSION = YES;
				CLANG_WARN_COMMA = YES;
				CLANG_WARN_CONSTANT_CONVERSION = YES;
				CLANG_WARN_DEPRECATED_OBJC_IMPLEMENTATIONS = YES;
				CLANG_WARN_DIRECT_OBJC_ISA_USAGE = YES_ERROR;
				CLANG_WARN_DOCUMENTATION_COMMENTS = YES;
				CLANG_WARN_EMPTY_BODY = YES;
				CLANG_WARN_ENUM_CONVERSION = YES;
				CLANG_WARN_INFINITE_RECURSION = YES;
				CLANG_WARN_INT_CONVERSION = YES;
				CLANG_WARN_NON_LITERAL_NULL_CONVERSION = YES;
				CLANG_WARN_OBJC_IMPLICIT_RETAIN_SELF = YES;
				CLANG_WARN_OBJC_LITERAL_CONVERSION = YES;
				CLANG_WARN_OBJC_ROOT_CLASS = YES_ERROR;
				CLANG_WARN_QUOTED_INCLUDE_IN_FRAMEWORK_HEADER = YES;
				CLANG_WARN_RANGE_LOOP_ANALYSIS = YES;
				CLANG_WARN_STRICT_PROTOTYPES = YES;
				CLANG_WARN_SUSPICIOUS_MOVE = YES;
				CLANG_WARN_UNGUARDED_AVAILABILITY = YES_AGGRESSIVE;
				CLANG_WARN_UNREACHABLE_CODE = YES;
				CLANG_WARN__DUPLICATE_METHOD_MATCH = YES;
				COPY_PHASE_STRIP = NO;
				DEBUG_INFORMATION_FORMAT = "dwarf-with-dsym";
				ENABLE_NS_ASSERTIONS = NO;
				ENABLE_STRICT_OBJC_MSGSEND = YES;
				GCC_C_LANGUAGE_STANDARD = gnu11;
				GCC_NO_COMMON_BLOCKS = YES;
				GCC_WARN_64_TO_32_BIT_CONVERSION = YES;
				GCC_WARN_ABOUT_RETURN_TYPE = YES_ERROR;
				GCC_WARN_UNDECLARED_SELECTOR = YES;
				GCC_WARN_UNINITIALIZED_AUTOS = YES_AGGRESSIVE;
				GCC_WARN_UNUSED_FUNCTION = YES;
				GCC_WARN_UNUSED_VARIABLE = YES;
				IPHONEOS_DEPLOYMENT_TARGET = 14.3;
				MTL_ENABLE_DEBUG_INFO = NO;
				MTL_FAST_MATH = YES;
				SDKROOT = iphoneos;
				SWIFT_COMPILATION_MODE = wholemodule;
				SWIFT_OPTIMIZATION_LEVEL = "-O";
				VALIDATE_PRODUCT = YES;
			};
			name = Release;
		};
		8C44A5CC29374784001F9CE2 /* Debug */ = {
			isa = XCBuildConfiguration;
			buildSettings = {
				ASSETCATALOG_COMPILER_APPICON_NAME = AppIcon;
				ASSETCATALOG_COMPILER_GLOBAL_ACCENT_COLOR_NAME = AccentColor;
				CODE_SIGN_STYLE = Automatic;
				INFOPLIST_FILE = "Sayi Tahmin Et/Info.plist";
				LD_RUNPATH_SEARCH_PATHS = (
					"$(inherited)",
					"@executable_path/Frameworks",
				);
				PRODUCT_BUNDLE_IDENTIFIER = "info.Sayi-Tahmin-Et";
				PRODUCT_NAME = "$(TARGET_NAME)";
				SWIFT_VERSION = 5.0;
				TARGETED_DEVICE_FAMILY = "1,2";
			};
			name = Debug;
		};
		8C44A5CD29374784001F9CE2 /* Release */ = {
			isa = XCBuildConfiguration;
			buildSettings = {
				ASSETCATALOG_COMPILER_APPICON_NAME = AppIcon;
				ASSETCATALOG_COMPILER_GLOBAL_ACCENT_COLOR_NAME = AccentColor;
				CODE_SIGN_STYLE = Automatic;
				INFOPLIST_FILE = "Sayi Tahmin Et/Info.plist";
				LD_RUNPATH_SEARCH_PATHS = (
					"$(inherited)",
					"@executable_path/Frameworks",
				);
				PRODUCT_BUNDLE_IDENTIFIER = "info.Sayi-Tahmin-Et";
				PRODUCT_NAME = "$(TARGET_NAME)";
				SWIFT_VERSION = 5.0;
				TARGETED_DEVICE_FAMILY = "1,2";
			};
			name = Release;
		};
		8C44A5CF29374784001F9CE2 /* Debug */ = {
			isa = XCBuildConfiguration;
			buildSettings = {
				ALWAYS_EMBED_SWIFT_STANDARD_LIBRARIES = YES;
				BUNDLE_LOADER = "$(TEST_HOST)";
				CODE_SIGN_STYLE = Automatic;
				INFOPLIST_FILE = "Sayi Tahmin EtTests/Info.plist";
				IPHONEOS_DEPLOYMENT_TARGET = 14.3;
				LD_RUNPATH_SEARCH_PATHS = (
					"$(inherited)",
					"@executable_path/Frameworks",
					"@loader_path/Frameworks",
				);
				PRODUCT_BUNDLE_IDENTIFIER = "info.Sayi-Tahmin-EtTests";
				PRODUCT_NAME = "$(TARGET_NAME)";
				SWIFT_VERSION = 5.0;
				TARGETED_DEVICE_FAMILY = "1,2";
				TEST_HOST = "$(BUILT_PRODUCTS_DIR)/Sayi Tahmin Et.app/Sayi Tahmin Et";
			};
			name = Debug;
		};
		8C44A5D029374784001F9CE2 /* Release */ = {
			isa = XCBuildConfiguration;
			buildSettings = {
				ALWAYS_EMBED_SWIFT_STANDARD_LIBRARIES = YES;
				BUNDLE_LOADER = "$(TEST_HOST)";
				CODE_SIGN_STYLE = Automatic;
				INFOPLIST_FILE = "Sayi Tahmin EtTests/Info.plist";
				IPHONEOS_DEPLOYMENT_TARGET = 14.3;
				LD_RUNPATH_SEARCH_PATHS = (
					"$(inherited)",
					"@executable_path/Frameworks",
					"@loader_path/Frameworks",
				);
				PRODUCT_BUNDLE_IDENTIFIER = "info.Sayi-Tahmin-EtTests";
				PRODUCT_NAME = "$(TARGET_NAME)";
				SWIFT_VERSION = 5.0;
				TARGETED_DEVICE_FAMILY = "1,2";
				TEST_HOST = "$(BUILT_PRODUCTS_DIR)/Sayi Tahmin Et.app/Sayi Tahmin Et";
			};
			name = Release;
		};
		8C44A5D229374784001F9CE2 /* Debug */ = {
			isa = XCBuildConfiguration;
			buildSettings = {
				ALWAYS_EMBED_SWIFT_STANDARD_LIBRARIES = YES;
				CODE_SIGN_STYLE = Automatic;
				INFOPLIST_FILE = "Sayi Tahmin EtUITests/Info.plist";
				LD_RUNPATH_SEARCH_PATHS = (
					"$(inherited)",
					"@executable_path/Frameworks",
					"@loader_path/Frameworks",
				);
				PRODUCT_BUNDLE_IDENTIFIER = "info.Sayi-Tahmin-EtUITests";
				PRODUCT_NAME = "$(TARGET_NAME)";
				SWIFT_VERSION = 5.0;
				TARGETED_DEVICE_FAMILY = "1,2";
				TEST_TARGET_NAME = "Sayi Tahmin Et";
			};
			name = Debug;
		};
		8C44A5D329374784001F9CE2 /* Release */ = {
			isa = XCBuildConfiguration;
			buildSettings = {
				ALWAYS_EMBED_SWIFT_STANDARD_LIBRARIES = YES;
				CODE_SIGN_STYLE = Automatic;
				INFOPLIST_FILE = "Sayi Tahmin EtUITests/Info.plist";
				LD_RUNPATH_SEARCH_PATHS = (
					"$(inherited)",
					"@executable_path/Frameworks",
					"@loader_path/Frameworks",
				);
				PRODUCT_BUNDLE_IDENTIFIER = "info.Sayi-Tahmin-EtUITests";
				PRODUCT_NAME = "$(TARGET_NAME)";
				SWIFT_VERSION = 5.0;
				TARGETED_DEVICE_FAMILY = "1,2";
				TEST_TARGET_NAME = "Sayi Tahmin Et";
			};
			name = Release;
		};
/* End XCBuildConfiguration section */

/* Begin XCConfigurationList section */
		8C44A59C29374783001F9CE2 /* Build configuration list for PBXProject "Sayi Tahmin Et" */ = {
			isa = XCConfigurationList;
			buildConfigurations = (
				8C44A5C929374784001F9CE2 /* Debug */,
				8C44A5CA29374784001F9CE2 /* Release */,
			);
			defaultConfigurationIsVisible = 0;
			defaultConfigurationName = Release;
		};
		8C44A5CB29374784001F9CE2 /* Build configuration list for PBXNativeTarget "Sayi Tahmin Et" */ = {
			isa = XCConfigurationList;
			buildConfigurations = (
				8C44A5CC29374784001F9CE2 /* Debug */,
				8C44A5CD29374784001F9CE2 /* Release */,
			);
			defaultConfigurationIsVisible = 0;
			defaultConfigurationName = Release;
		};
		8C44A5CE29374784001F9CE2 /* Build configuration list for PBXNativeTarget "Sayi Tahmin EtTests" */ = {
			isa = XCConfigurationList;
			buildConfigurations = (
				8C44A5CF29374784001F9CE2 /* Debug */,
				8C44A5D029374784001F9CE2 /* Release */,
			);
			defaultConfigurationIsVisible = 0;
			defaultConfigurationName = Release;
		};
		8C44A5D129374784001F9CE2 /* Build configuration list for PBXNativeTarget "Sayi Tahmin EtUITests" */ = {
			isa = XCConfigurationList;
			buildConfigurations = (
				8C44A5D229374784001F9CE2 /* Debug */,
				8C44A5D329374784001F9CE2 /* Release */,
			);
			defaultConfigurationIsVisible = 0;
			defaultConfigurationName = Release;
		};
/* End XCConfigurationList section */
	};
	rootObject = 8C44A59929374783001F9CE2 /* Project object */;
}
